
Microsoft Visual Studio Solution File, Format Version 12.00
# Visual Studio Version 17
VisualStudioVersion = 17.5.002.0
MinimumVisualStudioVersion = 10.0.40219.1
Project("{9A19103F-16F7-4668-BE54-9A1E7A4F7556}") = "StudentPortal.Web", "StudentPortal.Web.csproj", "{C5A9C88A-E28E-482D-970A-504F600FB09C}"
EndProject
Global
	GlobalSection(SolutionConfigurationPlatforms) = preSolution
		Debug|Any CPU = Debug|Any CPU
		Release|Any CPU = Release|Any CPU
	EndGlobalSection
	GlobalSection(ProjectConfigurationPlatforms) = postSolution
		{C5A9C88A-E28E-482D-970A-504F600FB09C}.Debug|Any CPU.ActiveCfg = Debug|Any CPU
		{C5A9C88A-E28E-482D-970A-504F600FB09C}.Debug|Any CPU.Build.0 = Debug|Any CPU
		{C5A9C88A-E28E-482D-970A-504F600FB09C}.Release|Any CPU.ActiveCfg = Release|Any CPU
		{C5A9C88A-E28E-482D-970A-504F600FB09C}.Release|Any CPU.Build.0 = Release|Any CPU
	EndGlobalSection
	GlobalSection(SolutionProperties) = preSolution
		HideSolutionNode = FALSE
	EndGlobalSection
	GlobalSection(ExtensibilityGlobals) = postSolution
		SolutionGuid = {B6706B78-7095-496B-A20D-0234F750C830}
	EndGlobalSection
EndGlobal
